
Microsoft Visual Studio Solution File, Format Version 12.00
# Visual Studio Version 17
VisualStudioVersion = 17.0.31903.59
MinimumVisualStudioVersion = 10.0.40219.1
Project("{2150E333-8FDC-42A3-9474-1A3956D46DE8}") = "src", "src", "{827E0CD3-B72D-47B6-A68D-7590B98EB39B}"
EndProject
Project("{FAE04EC0-301F-11D3-BF4B-00C04F79EFBC}") = "Gimnasio.Domain", "src\Gimnasio.Domain\Gimnasio.Domain.csproj", "{9409ACF5-FAC8-4693-8787-CBD75E827B1A}"
EndProject
Project("{FAE04EC0-301F-11D3-BF4B-00C04F79EFBC}") = "Gimnasio.Application", "src\Gimnasio.Application\Gimnasio.Application.csproj", "{63BF4AD0-2D34-4369-A53A-2995DB2A93D4}"
EndProject
Project("{FAE04EC0-301F-11D3-BF4B-00C04F79EFBC}") = "Gimnasio.Infrastructure", "src\Gimnasio.Infrastructure\Gimnasio.Infrastructure.csproj", "{CBE3BEC7-F461-45A7-99FC-15C2403527F8}"
EndProject
Project("{FAE04EC0-301F-11D3-BF4B-00C04F79EFBC}") = "Gimnasio.Api", "src\Gimnasio.Api\Gimnasio.Api.csproj", "{E4C5F4EE-585A-4473-92A9-D6BE7368C002}"
EndProject
Project("{2150E333-8FDC-42A3-9474-1A3956D46DE8}") = "tests", "tests", "{0AB3BF05-4346-4AA6-1389-037BE0695223}"
EndProject
Project("{FAE04EC0-301F-11D3-BF4B-00C04F79EFBC}") = "Gimnasio.Tests", "tests\Gimnasio.Tests\Gimnasio.Tests.csproj", "{81707C7A-5EC8-412E-8B13-5127FA9CED5C}"
EndProject
Global
	GlobalSection(SolutionConfigurationPlatforms) = preSolution
		Debug|Any CPU = Debug|Any CPU
		Debug|x64 = Debug|x64
		Debug|x86 = Debug|x86
		Release|Any CPU = Release|Any CPU
		Release|x64 = Release|x64
		Release|x86 = Release|x86
	EndGlobalSection
	GlobalSection(ProjectConfigurationPlatforms) = postSolution
		{9409ACF5-FAC8-4693-8787-CBD75E827B1A}.Debug|Any CPU.ActiveCfg = Debug|Any CPU
		{9409ACF5-FAC8-4693-8787-CBD75E827B1A}.Debug|Any CPU.Build.0 = Debug|Any CPU
		{9409ACF5-FAC8-4693-8787-CBD75E827B1A}.Debug|x64.ActiveCfg = Debug|Any CPU
		{9409ACF5-FAC8-4693-8787-CBD75E827B1A}.Debug|x64.Build.0 = Debug|Any CPU
		{9409ACF5-FAC8-4693-8787-CBD75E827B1A}.Debug|x86.ActiveCfg = Debug|Any CPU
		{9409ACF5-FAC8-4693-8787-CBD75E827B1A}.Debug|x86.Build.0 = Debug|Any CPU
		{9409ACF5-FAC8-4693-8787-CBD75E827B1A}.Release|Any CPU.ActiveCfg = Release|Any CPU
		{9409ACF5-FAC8-4693-8787-CBD75E827B1A}.Release|Any CPU.Build.0 = Release|Any CPU
		{9409ACF5-FAC8-4693-8787-CBD75E827B1A}.Release|x64.ActiveCfg = Release|Any CPU
		{9409ACF5-FAC8-4693-8787-CBD75E827B1A}.Release|x64.Build.0 = Release|Any CPU
		{9409ACF5-FAC8-4693-8787-CBD75E827B1A}.Release|x86.ActiveCfg = Release|Any CPU
		{9409ACF5-FAC8-4693-8787-CBD75E827B1A}.Release|x86.Build.0 = Release|Any CPU
		{63BF4AD0-2D34-4369-A53A-2995DB2A93D4}.Debug|Any CPU.ActiveCfg = Debug|Any CPU
		{63BF4AD0-2D34-4369-A53A-2995DB2A93D4}.Debug|Any CPU.Build.0 = Debug|Any CPU
		{63BF4AD0-2D34-4369-A53A-2995DB2A93D4}.Debug|x64.ActiveCfg = Debug|Any CPU
		{63BF4AD0-2D34-4369-A53A-2995DB2A93D4}.Debug|x64.Build.0 = Debug|Any CPU
		{63BF4AD0-2D34-4369-A53A-2995DB2A93D4}.Debug|x86.ActiveCfg = Debug|Any CPU
		{63BF4AD0-2D34-4369-A53A-2995DB2A93D4}.Debug|x86.Build.0 = Debug|Any CPU
		{63BF4AD0-2D34-4369-A53A-2995DB2A93D4}.Release|Any CPU.ActiveCfg = Release|Any CPU
		{63BF4AD0-2D34-4369-A53A-2995DB2A93D4}.Release|Any CPU.Build.0 = Release|Any CPU
		{63BF4AD0-2D34-4369-A53A-2995DB2A93D4}.Release|x64.ActiveCfg = Release|Any CPU
		{63BF4AD0-2D34-4369-A53A-2995DB2A93D4}.Release|x64.Build.0 = Release|Any CPU
		{63BF4AD0-2D34-4369-A53A-2995DB2A93D4}.Release|x86.ActiveCfg = Release|Any CPU
		{63BF4AD0-2D34-4369-A53A-2995DB2A93D4}.Release|x86.Build.0 = Release|Any CPU
		{CBE3BEC7-F461-45A7-99FC-15C2403527F8}.Debug|Any CPU.ActiveCfg = Debug|Any CPU
		{CBE3BEC7-F461-45A7-99FC-15C2403527F8}.Debug|Any CPU.Build.0 = Debug|Any CPU
		{CBE3BEC7-F461-45A7-99FC-15C2403527F8}.Debug|x64.ActiveCfg = Debug|Any CPU
		{CBE3BEC7-F461-45A7-99FC-15C2403527F8}.Debug|x64.Build.0 = Debug|Any CPU
		{CBE3BEC7-F461-45A7-99FC-15C2403527F8}.Debug|x86.ActiveCfg = Debug|Any CPU
		{CBE3BEC7-F461-45A7-99FC-15C2403527F8}.Debug|x86.Build.0 = Debug|Any CPU
		{CBE3BEC7-F461-45A7-99FC-15C2403527F8}.Release|Any CPU.ActiveCfg = Release|Any CPU
		{CBE3BEC7-F461-45A7-99FC-15C2403527F8}.Release|Any CPU.Build.0 = Release|Any CPU
		{CBE3BEC7-F461-45A7-99FC-15C2403527F8}.Release|x64.ActiveCfg = Release|Any CPU
		{CBE3BEC7-F461-45A7-99FC-15C2403527F8}.Release|x64.Build.0 = Release|Any CPU
		{CBE3BEC7-F461-45A7-99FC-15C2403527F8}.Release|x86.ActiveCfg = Release|Any CPU
		{CBE3BEC7-F461-45A7-99FC-15C2403527F8}.Release|x86.Build.0 = Release|Any CPU
		{E4C5F4EE-585A-4473-92A9-D6BE7368C002}.Debug|Any CPU.ActiveCfg = Debug|Any CPU
		{E4C5F4EE-585A-4473-92A9-D6BE7368C002}.Debug|Any CPU.Build.0 = Debug|Any CPU
		{E4C5F4EE-585A-4473-92A9-D6BE7368C002}.Debug|x64.ActiveCfg = Debug|Any CPU
		{E4C5F4EE-585A-4473-92A9-D6BE7368C002}.Debug|x64.Build.0 = Debug|Any CPU
		{E4C5F4EE-585A-4473-92A9-D6BE7368C002}.Debug|x86.ActiveCfg = Debug|Any CPU
		{E4C5F4EE-585A-4473-92A9-D6BE7368C002}.Debug|x86.Build.0 = Debug|Any CPU
		{E4C5F4EE-585A-4473-92A9-D6BE7368C002}.Release|Any CPU.ActiveCfg = Release|Any CPU
		{E4C5F4EE-585A-4473-92A9-D6BE7368C002}.Release|Any CPU.Build.0 = Release|Any CPU
		{E4C5F4EE-585A-4473-92A9-D6BE7368C002}.Release|x64.ActiveCfg = Release|Any CPU
		{E4C5F4EE-585A-4473-92A9-D6BE7368C002}.Release|x64.Build.0 = Release|Any CPU
		{E4C5F4EE-585A-4473-92A9-D6BE7368C002}.Release|x86.ActiveCfg = Release|Any CPU
		{E4C5F4EE-585A-4473-92A9-D6BE7368C002}.Release|x86.Build.0 = Release|Any CPU
		{81707C7A-5EC8-412E-8B13-5127FA9CED5C}.Debug|Any CPU.ActiveCfg = Debug|Any CPU
		{81707C7A-5EC8-412E-8B13-5127FA9CED5C}.Debug|Any CPU.Build.0 = Debug|Any CPU
		{81707C7A-5EC8-412E-8B13-5127FA9CED5C}.Debug|x64.ActiveCfg = Debug|Any CPU
		{81707C7A-5EC8-412E-8B13-5127FA9CED5C}.Debug|x64.Build.0 = Debug|Any CPU
		{81707C7A-5EC8-412E-8B13-5127FA9CED5C}.Debug|x86.ActiveCfg = Debug|Any CPU
		{81707C7A-5EC8-412E-8B13-5127FA9CED5C}.Debug|x86.Build.0 = Debug|Any CPU
		{81707C7A-5EC8-412E-8B13-5127FA9CED5C}.Release|Any CPU.ActiveCfg = Release|Any CPU
		{81707C7A-5EC8-412E-8B13-5127FA9CED5C}.Release|Any CPU.Build.0 = Release|Any CPU
		{81707C7A-5EC8-412E-8B13-5127FA9CED5C}.Release|x64.ActiveCfg = Release|Any CPU
		{81707C7A-5EC8-412E-8B13-5127FA9CED5C}.Release|x64.Build.0 = Release|Any CPU
		{81707C7A-5EC8-412E-8B13-5127FA9CED5C}.Release|x86.ActiveCfg = Release|Any CPU
		{81707C7A-5EC8-412E-8B13-5127FA9CED5C}.Release|x86.Build.0 = Release|Any CPU
	EndGlobalSection
	GlobalSection(SolutionProperties) = preSolution
		HideSolutionNode = FALSE
	EndGlobalSection
	GlobalSection(NestedProjects) = preSolution
		{9409ACF5-FAC8-4693-8787-CBD75E827B1A} = {827E0CD3-B72D-47B6-A68D-7590B98EB39B}
		{63BF4AD0-2D34-4369-A53A-2995DB2A93D4} = {827E0CD3-B72D-47B6-A68D-7590B98EB39B}
		{CBE3BEC7-F461-45A7-99FC-15C2403527F8} = {827E0CD3-B72D-47B6-A68D-7590B98EB39B}
		{E4C5F4EE-585A-4473-92A9-D6BE7368C002} = {827E0CD3-B72D-47B6-A68D-7590B98EB39B}
		{81707C7A-5EC8-412E-8B13-5127FA9CED5C} = {0AB3BF05-4346-4AA6-1389-037BE0695223}
	EndGlobalSection
EndGlobal
